{
  "name": "com.saaskunstudios.text",
  "version": "1.0.0",
  "lockfileVersion": 3,
  "requires": true,
  "packages": {
    "": {
      "name": "com.saaskunstudios.text",
      "version": "1.0.0",
      "dependencies": {
        "com.saaskunstudios.text": "github:SaaskunDevs/GITHUB-PACKAGES"
      }
    },
    "node_modules/com.saaskunstudios.text": {
      "version": "1.0.0",
      "resolved": "git+ssh://git@github.com/SaaskunDevs/GITHUB-PACKAGES.git#5526ff2dbc93586d2c2ff7663c86dc96486df7e3"
    }
  }
}
